{
  "name": "cyia-ngx-component",
  "version": "0.0.2",
  "lockfileVersion": 1,
  "requires": true,
  "dependencies": {
    "@angular/flex-layout": {
      "version": "6.0.0-beta.18",
      "resolved": "https://registry.npmjs.org/@angular/flex-layout/-/flex-layout-6.0.0-beta.18.tgz",
      "integrity": "sha512-1Alv3YSIZYp0CTUIESIaSQLoSVyLzuNKPa5bGM/RzOmeSrndm5plVgI9wopGfJUDiwM18R97rq/4XjDvNT/+ig==",
      "requires": {
        "tslib": "^1.7.1"
      }
    },
    "@angular/material-moment-adapter": {
      "version": "6.4.6",
      "resolved": "https://registry.npmjs.org/@angular/material-moment-adapter/-/material-moment-adapter-6.4.6.tgz",
      "integrity": "sha512-Bvj/zwtEjF1bqOF1z/M0VcWYOwlRjmCBjvPVmNZ1Bxf7HE8yyRf8B+AAv46sn/EhhAv/eMNU9bzFcxrR/vEHAg==",
      "requires": {
        "tslib": "^1.7.1"
      }
    },
    "@types/marked": {
      "version": "0.4.1",
      "resolved": "https://registry.npmjs.org/@types/marked/-/marked-0.4.1.tgz",
      "integrity": "sha512-ZqEGxppVG1x9QK/hkHxzmf6m4xcnk9CaHjNCqwvUeN3pMdCcQkPxmvrbLZ5GbP7K25TgiT1nKIGnz0U3M+G05Q=="
    },
    "blueimp-canvas-to-blob": {
      "version": "3.14.0",
      "resolved": "https://registry.npmjs.org/blueimp-canvas-to-blob/-/blueimp-canvas-to-blob-3.14.0.tgz",
      "integrity": "sha512-i6I2CiX1VR8YwUNYBo+dM8tg89ns4TTHxSpWjaDeHKcYS3yFalpLCwDaY21/EsJMufLy2tnG4j0JN5L8OVNkKQ=="
    },
    "clipboard": {
      "version": "2.0.1",
      "resolved": "https://registry.npmjs.org/clipboard/-/clipboard-2.0.1.tgz",
      "integrity": "sha512-7yhQBmtN+uYZmfRjjVjKa0dZdWuabzpSKGtyQZN+9C8xlC788SSJjOHWh7tzurfwTqTD5UDYAhIv5fRJg3sHjQ==",
      "optional": true,
      "requires": {
        "good-listener": "^1.2.2",
        "select": "^1.1.2",
        "tiny-emitter": "^2.0.0"
      }
    },
    "cyia-ngx-common": {
      "version": "1.1.9",
      "resolved": "https://registry.npmjs.org/cyia-ngx-common/-/cyia-ngx-common-1.1.9.tgz",
      "integrity": "sha512-95bjLLr0qud3xAZNTa2PSV68nko6ok0hWMcfY9BrpTq0HG7ZOxdB8tTz0BV5ayZ8XxLIVBPyWJ0EltbmD6ujmg==",
      "requires": {
        "tslib": "^1.9.0"
      }
    },
    "cyia-ngx-form": {
      "version": "1.1.1",
      "resolved": "https://registry.npmjs.org/cyia-ngx-form/-/cyia-ngx-form-1.1.1.tgz",
      "integrity": "sha512-BRUrUP9obzSKuMSaRaa09iBUihohxgtXV5ASVvSrgiWEMZFBxAi6dCkqGR6Lpn2Z4T4qbSt1rgQl1Lagg4A+Hg==",
      "requires": {
        "cyia-ngx-common": ">=1.1.6",
        "tslib": "^1.9.0"
      }
    },
    "delegate": {
      "version": "3.2.0",
      "resolved": "https://registry.npmjs.org/delegate/-/delegate-3.2.0.tgz",
      "integrity": "sha512-IofjkYBZaZivn0V8nnsMJGBr4jVLxHDheKSW88PyxS5QC4Vo9ZbZVvhzlSxY87fVq3STR6r+4cGepyHkcWOQSw==",
      "optional": true
    },
    "good-listener": {
      "version": "1.2.2",
      "resolved": "https://registry.npmjs.org/good-listener/-/good-listener-1.2.2.tgz",
      "integrity": "sha1-1TswzfkxPf+33JoNR3CWqm0UXFA=",
      "optional": true,
      "requires": {
        "delegate": "^3.1.2"
      }
    },
    "image-compressor.js": {
      "version": "1.1.4",
      "resolved": "https://registry.npmjs.org/image-compressor.js/-/image-compressor.js-1.1.4.tgz",
      "integrity": "sha512-DF1YFSw+m6FqpXsleD4+q9eu/wFFkm8sHuYhgYy5GWFVencXeuB1/UqC12xz+dCZooPetf5LIb8JOGkgEWmlcg==",
      "requires": {
        "blueimp-canvas-to-blob": "^3.14.0",
        "is-blob": "^1.0.0"
      }
    },
    "is-blob": {
      "version": "1.0.0",
      "resolved": "https://registry.npmjs.org/is-blob/-/is-blob-1.0.0.tgz",
      "integrity": "sha1-o9fZb+HD/wZex84nwsIea6ksGDI="
    },
    "marked": {
      "version": "0.5.0",
      "resolved": "https://registry.npmjs.org/marked/-/marked-0.5.0.tgz",
      "integrity": "sha512-UhjmkCWKu1SS/BIePL2a59BMJ7V42EYtTfksodPRXzPEGEph3Inp5dylseqt+KbU9Jglsx8xcMKmlumfJMBXAA=="
    },
    "moment": {
      "version": "2.22.2",
      "resolved": "https://registry.npmjs.org/moment/-/moment-2.22.2.tgz",
      "integrity": "sha1-PCV/mDn8DpP/UxSWMiOeuQeD/2Y="
    },
    "ngx-markdown": {
      "version": "6.2.0",
      "resolved": "https://registry.npmjs.org/ngx-markdown/-/ngx-markdown-6.2.0.tgz",
      "integrity": "sha512-nW2zXHaNxZrSPQukSHF7iOWcfQF/ht6jB5YfK43ZEqDfpugA7f5DAOYprnhnj3YbCPyx5awEJE2z9+0QTXCtAw==",
      "requires": {
        "@types/marked": "^0.4.0",
        "marked": "^0.5.0",
        "prismjs": "^1.15.0",
        "tslib": "^1.9.0"
      }
    },
    "prismjs": {
      "version": "1.15.0",
      "resolved": "https://registry.npmjs.org/prismjs/-/prismjs-1.15.0.tgz",
      "integrity": "sha512-Lf2JrFYx8FanHrjoV5oL8YHCclLQgbJcVZR+gikGGMqz6ub5QVWDTM6YIwm3BuPxM/LOV+rKns3LssXNLIf+DA==",
      "requires": {
        "clipboard": "^2.0.0"
      }
    },
    "select": {
      "version": "1.1.2",
      "resolved": "https://registry.npmjs.org/select/-/select-1.1.2.tgz",
      "integrity": "sha1-DnNQrN7ICxEIUoeG7B1EGNEbOW0=",
      "optional": true
    },
    "tiny-emitter": {
      "version": "2.0.2",
      "resolved": "https://registry.npmjs.org/tiny-emitter/-/tiny-emitter-2.0.2.tgz",
      "integrity": "sha512-2NM0auVBGft5tee/OxP4PI3d8WItkDM+fPnaRAVo6xTDI2knbz9eC5ArWGqtGlYqiH3RU5yMpdyTTO7MguC4ow==",
      "optional": true
    },
    "tslib": {
      "version": "1.9.3",
      "resolved": "https://registry.npmjs.org/tslib/-/tslib-1.9.3.tgz",
      "integrity": "sha512-4krF8scpejhaOgqzBEcGM7yDIEfi0/8+8zDRZhNZZ2kjmHJ4hv3zCbQWxoJGz1iw5U0Jl0nma13xzHXcncMavQ=="
    }
  }
}
