{
  "name": "cyia-ngx-component",
  "version": "0.0.14",
  "lockfileVersion": 1,
  "requires": true,
  "dependencies": {
    "@types/chroma-js": {
      "version": "1.4.1",
      "resolved": "https://registry.npmjs.org/@types/chroma-js/-/chroma-js-1.4.1.tgz",
      "integrity": "sha512-i9hUiO3bwgmzZUDwBuR65WqsBQ/nwN+H2fKX0bykXCdd8cFQEuIj8vI7FXjyb2f5z5h+pv76I/uakikKSgaqTA==",
      "dev": true
    },
    "chroma-js": {
      "version": "2.0.3",
      "resolved": "https://registry.npmjs.org/chroma-js/-/chroma-js-2.0.3.tgz",
      "integrity": "sha512-2kTvZZOFSV1O81/rm99t9vmkh9jQxsHqsRRoZevDVz/VCC3yKMyPuMK8M5yHG+UMg2tV6cRoqtZtgcD92udcBw=="
    }
  }
}
