# THIS IS AN AUTOGENERATED FILE. DO NOT EDIT THIS FILE DIRECTLY.
# yarn lockfile v1


"@angular/material-moment-adapter@^6.4.6":
  version "6.4.6"
  resolved "https://registry.yarnpkg.com/@angular/material-moment-adapter/-/material-moment-adapter-6.4.6.tgz#45c52302e9199b3748dd3e5d2ee8af33899f96c4"
  dependencies:
    tslib "^1.7.1"

cyia-ngx-common@^1.1.4:
  version "1.1.4"
  resolved "https://registry.yarnpkg.com/cyia-ngx-common/-/cyia-ngx-common-1.1.4.tgz#837cf2c146a5f3c48b8dd8fe713c5e878f359575"

moment@^2.22.2:
  version "2.22.2"
  resolved "https://registry.yarnpkg.com/moment/-/moment-2.22.2.tgz#3c257f9839fc0e93ff53149632239eb90783ff66"

tslib@^1.7.1:
  version "1.9.3"
  resolved "https://registry.yarnpkg.com/tslib/-/tslib-1.9.3.tgz#d7e4dd79245d85428c4d7e4822a79917954ca286"
